
Microsoft Visual Studio Solution File, Format Version 12.00
# Visual Studio Version 17
VisualStudioVersion = 17.9.34616.47
MinimumVisualStudioVersion = 10.0.40219.1
Project("{FAE04EC0-301F-11D3-BF4B-00C04F79EFBC}") = "MVCApp", "MVCApp\MVCApp.csproj", "{F2907ED6-E760-4E5F-96D1-F14E03DA87F9}"
EndProject
Global
	GlobalSection(SolutionConfigurationPlatforms) = preSolution
		Debug|Any CPU = Debug|Any CPU
		Release|Any CPU = Release|Any CPU
	EndGlobalSection
	GlobalSection(ProjectConfigurationPlatforms) = postSolution
		{F2907ED6-E760-4E5F-96D1-F14E03DA87F9}.Debug|Any CPU.ActiveCfg = Debug|Any CPU
		{F2907ED6-E760-4E5F-96D1-F14E03DA87F9}.Debug|Any CPU.Build.0 = Debug|Any CPU
		{F2907ED6-E760-4E5F-96D1-F14E03DA87F9}.Release|Any CPU.ActiveCfg = Release|Any CPU
		{F2907ED6-E760-4E5F-96D1-F14E03DA87F9}.Release|Any CPU.Build.0 = Release|Any CPU
	EndGlobalSection
	GlobalSection(SolutionProperties) = preSolution
		HideSolutionNode = FALSE
	EndGlobalSection
	GlobalSection(ExtensibilityGlobals) = postSolution
		SolutionGuid = {C91189F0-9217-4241-93AF-2C2E67570806}
	EndGlobalSection
EndGlobal
